// !$*UTF8*$!
{
	archiveVersion = 1;
	classes = {
	};
	objectVersion = 50;
	objects = {

/* Begin PBXBuildFile section */
		B43251B326A47A7500328D1E /* NotificationNameExtension.swift in Sources */ = {isa = PBXBuildFile; fileRef = B43251B226A47A7500328D1E /* NotificationNameExtension.swift */; };
		B470584F26A4485B004A778B /* DatePopupViewController.storyboard in Resources */ = {isa = PBXBuildFile; fileRef = B470584D26A4485B004A778B /* DatePopupViewController.storyboard */; };
		B470585126A44A0E004A778B /* SelectTimeViewController.storyboard in Resources */ = {isa = PBXBuildFile; fileRef = B470585026A44A0E004A778B /* SelectTimeViewController.storyboard */; };
		B470585326A44B4A004A778B /* SelectTimeViewController.swift in Sources */ = {isa = PBXBuildFile; fileRef = B470585226A44B4A004A778B /* SelectTimeViewController.swift */; };
		B470585526A4591E004A778B /* FirstViewController.swift in Sources */ = {isa = PBXBuildFile; fileRef = B470585426A4591E004A778B /* FirstViewController.swift */; };
		B470585726A4592B004A778B /* SecondViewController.swift in Sources */ = {isa = PBXBuildFile; fileRef = B470585626A4592B004A778B /* SecondViewController.swift */; };
		B4C4C58D26A42B81000E175F /* AppDelegate.swift in Sources */ = {isa = PBXBuildFile; fileRef = B4C4C58C26A42B81000E175F /* AppDelegate.swift */; };
		B4C4C58F26A42B81000E175F /* SceneDelegate.swift in Sources */ = {isa = PBXBuildFile; fileRef = B4C4C58E26A42B81000E175F /* SceneDelegate.swift */; };
		B4C4C59126A42B81000E175F /* ViewController.swift in Sources */ = {isa = PBXBuildFile; fileRef = B4C4C59026A42B81000E175F /* ViewController.swift */; };
		B4C4C59426A42B82000E175F /* Main.storyboard in Resources */ = {isa = PBXBuildFile; fileRef = B4C4C59226A42B82000E175F /* Main.storyboard */; };
		B4C4C59626A42B85000E175F /* Assets.xcassets in Resources */ = {isa = PBXBuildFile; fileRef = B4C4C59526A42B85000E175F /* Assets.xcassets */; };
		B4C4C59926A42B85000E175F /* LaunchScreen.storyboard in Resources */ = {isa = PBXBuildFile; fileRef = B4C4C59726A42B85000E175F /* LaunchScreen.storyboard */; };
		B4C4C5A126A433E1000E175F /* DatePopupViewController.swift in Sources */ = {isa = PBXBuildFile; fileRef = B4C4C5A026A433E1000E175F /* DatePopupViewController.swift */; };
/* End PBXBuildFile section */

/* Begin PBXFileReference section */
		B43251B226A47A7500328D1E /* NotificationNameExtension.swift */ = {isa = PBXFileReference; lastKnownFileType = sourcecode.swift; path = NotificationNameExtension.swift; sourceTree = "<group>"; };
		B470584E26A4485B004A778B /* Base */ = {isa = PBXFileReference; lastKnownFileType = file.storyboard; name = Base; path = ReusablePopups/Base.lproj/DatePopupViewController.storyboard; sourceTree = "<group>"; };
		B470585026A44A0E004A778B /* SelectTimeViewController.storyboard */ = {isa = PBXFileReference; lastKnownFileType = file.storyboard; path = SelectTimeViewController.storyboard; sourceTree = "<group>"; };
		B470585226A44B4A004A778B /* SelectTimeViewController.swift */ = {isa = PBXFileReference; lastKnownFileType = sourcecode.swift; path = SelectTimeViewController.swift; sourceTree = "<group>"; };
		B470585426A4591E004A778B /* FirstViewController.swift */ = {isa = PBXFileReference; lastKnownFileType = sourcecode.swift; path = FirstViewController.swift; sourceTree = "<group>"; };
		B470585626A4592B004A778B /* SecondViewController.swift */ = {isa = PBXFileReference; lastKnownFileType = sourcecode.swift; path = SecondViewController.swift; sourceTree = "<group>"; };
		B4C4C58926A42B81000E175F /* ReusablePopups.app */ = {isa = PBXFileReference; explicitFileType = wrapper.application; includeInIndex = 0; path = ReusablePopups.app; sourceTree = BUILT_PRODUCTS_DIR; };
		B4C4C58C26A42B81000E175F /* AppDelegate.swift */ = {isa = PBXFileReference; lastKnownFileType = sourcecode.swift; path = AppDelegate.swift; sourceTree = "<group>"; };
		B4C4C58E26A42B81000E175F /* SceneDelegate.swift */ = {isa = PBXFileReference; lastKnownFileType = sourcecode.swift; path = SceneDelegate.swift; sourceTree = "<group>"; };
		B4C4C59026A42B81000E175F /* ViewController.swift */ = {isa = PBXFileReference; lastKnownFileType = sourcecode.swift; path = ViewController.swift; sourceTree = "<group>"; };
		B4C4C59326A42B82000E175F /* Base */ = {isa = PBXFileReference; lastKnownFileType = file.storyboard; name = Base; path = Base.lproj/Main.storyboard; sourceTree = "<group>"; };
		B4C4C59526A42B85000E175F /* Assets.xcassets */ = {isa = PBXFileReference; lastKnownFileType = folder.assetcatalog; path = Assets.xcassets; sourceTree = "<group>"; };
		B4C4C59826A42B85000E175F /* Base */ = {isa = PBXFileReference; lastKnownFileType = file.storyboard; name = Base; path = Base.lproj/LaunchScreen.storyboard; sourceTree = "<group>"; };
		B4C4C59A26A42B85000E175F /* Info.plist */ = {isa = PBXFileReference; lastKnownFileType = text.plist.xml; path = Info.plist; sourceTree = "<group>"; };
		B4C4C5A026A433E1000E175F /* DatePopupViewController.swift */ = {isa = PBXFileReference; lastKnownFileType = sourcecode.swift; path = DatePopupViewController.swift; sourceTree = "<group>"; };
/* End PBXFileReference section */

/* Begin PBXFrameworksBuildPhase section */
		B4C4C58626A42B81000E175F /* Frameworks */ = {
			isa = PBXFrameworksBuildPhase;
			buildActionMask = 2147483647;
			files = (
			);
			runOnlyForDeploymentPostprocessing = 0;
		};
/* End PBXFrameworksBuildPhase section */

/* Begin PBXGroup section */
		B4C4C58026A42B81000E175F = {
			isa = PBXGroup;
			children = (
				B4C4C58B26A42B81000E175F /* ReusablePopups */,
				B4C4C58A26A42B81000E175F /* Products */,
			);
			sourceTree = "<group>";
		};
		B4C4C58A26A42B81000E175F /* Products */ = {
			isa = PBXGroup;
			children = (
				B4C4C58926A42B81000E175F /* ReusablePopups.app */,
			);
			name = Products;
			sourceTree = "<group>";
		};
		B4C4C58B26A42B81000E175F /* ReusablePopups */ = {
			isa = PBXGroup;
			children = (
				B4C4C58C26A42B81000E175F /* AppDelegate.swift */,
				B4C4C58E26A42B81000E175F /* SceneDelegate.swift */,
				B4C4C59026A42B81000E175F /* ViewController.swift */,
				B470585426A4591E004A778B /* FirstViewController.swift */,
				B470585626A4592B004A778B /* SecondViewController.swift */,
				B4C4C59226A42B82000E175F /* Main.storyboard */,
				B4C4C5A026A433E1000E175F /* DatePopupViewController.swift */,
				B470584D26A4485B004A778B /* DatePopupViewController.storyboard */,
				B4C4C59526A42B85000E175F /* Assets.xcassets */,
				B4C4C59726A42B85000E175F /* LaunchScreen.storyboard */,
				B4C4C59A26A42B85000E175F /* Info.plist */,
				B470585226A44B4A004A778B /* SelectTimeViewController.swift */,
				B470585026A44A0E004A778B /* SelectTimeViewController.storyboard */,
				B43251B226A47A7500328D1E /* NotificationNameExtension.swift */,
			);
			path = ReusablePopups;
			sourceTree = "<group>";
		};
/* End PBXGroup section */

/* Begin PBXNativeTarget section */
		B4C4C58826A42B81000E175F /* ReusablePopups */ = {
			isa = PBXNativeTarget;
			buildConfigurationList = B4C4C59D26A42B85000E175F /* Build configuration list for PBXNativeTarget "ReusablePopups" */;
			buildPhases = (
				B4C4C58526A42B81000E175F /* Sources */,
				B4C4C58626A42B81000E175F /* Frameworks */,
				B4C4C58726A42B81000E175F /* Resources */,
			);
			buildRules = (
			);
			dependencies = (
			);
			name = ReusablePopups;
			productName = ReusablePopups;
			productReference = B4C4C58926A42B81000E175F /* ReusablePopups.app */;
			productType = "com.apple.product-type.application";
		};
/* End PBXNativeTarget section */

/* Begin PBXProject section */
		B4C4C58126A42B81000E175F /* Project object */ = {
			isa = PBXProject;
			attributes = {
				LastSwiftUpdateCheck = 1250;
				LastUpgradeCheck = 1250;
				TargetAttributes = {
					B4C4C58826A42B81000E175F = {
						CreatedOnToolsVersion = 12.5.1;
					};
				};
			};
			buildConfigurationList = B4C4C58426A42B81000E175F /* Build configuration list for PBXProject "ReusablePopups" */;
			compatibilityVersion = "Xcode 9.3";
			developmentRegion = en;
			hasScannedForEncodings = 0;
			knownRegions = (
				en,
				Base,
			);
			mainGroup = B4C4C58026A42B81000E175F;
			productRefGroup = B4C4C58A26A42B81000E175F /* Products */;
			projectDirPath = "";
			projectRoot = "";
			targets = (
				B4C4C58826A42B81000E175F /* ReusablePopups */,
			);
		};
/* End PBXProject section */

/* Begin PBXResourcesBuildPhase section */
		B4C4C58726A42B81000E175F /* Resources */ = {
			isa = PBXResourcesBuildPhase;
			buildActionMask = 2147483647;
			files = (
				B4C4C59926A42B85000E175F /* LaunchScreen.storyboard in Resources */,
				B470585126A44A0E004A778B /* SelectTimeViewController.storyboard in Resources */,
				B4C4C59626A42B85000E175F /* Assets.xcassets in Resources */,
				B470584F26A4485B004A778B /* DatePopupViewController.storyboard in Resources */,
				B4C4C59426A42B82000E175F /* Main.storyboard in Resources */,
			);
			runOnlyForDeploymentPostprocessing = 0;
		};
/* End PBXResourcesBuildPhase section */

/* Begin PBXSourcesBuildPhase section */
		B4C4C58526A42B81000E175F /* Sources */ = {
			isa = PBXSourcesBuildPhase;
			buildActionMask = 2147483647;
			files = (
				B4C4C59126A42B81000E175F /* ViewController.swift in Sources */,
				B470585326A44B4A004A778B /* SelectTimeViewController.swift in Sources */,
				B4C4C5A126A433E1000E175F /* DatePopupViewController.swift in Sources */,
				B470585526A4591E004A778B /* FirstViewController.swift in Sources */,
				B470585726A4592B004A778B /* SecondViewController.swift in Sources */,
				B4C4C58D26A42B81000E175F /* AppDelegate.swift in Sources */,
				B4C4C58F26A42B81000E175F /* SceneDelegate.swift in Sources */,
				B43251B326A47A7500328D1E /* NotificationNameExtension.swift in Sources */,
			);
			runOnlyForDeploymentPostprocessing = 0;
		};
/* End PBXSourcesBuildPhase section */

/* Begin PBXVariantGroup section */
		B470584D26A4485B004A778B /* DatePopupViewController.storyboard */ = {
			isa = PBXVariantGroup;
			children = (
				B470584E26A4485B004A778B /* Base */,
			);
			name = DatePopupViewController.storyboard;
			sourceTree = "<group>";
		};
		B4C4C59226A42B82000E175F /* Main.storyboard */ = {
			isa = PBXVariantGroup;
			children = (
				B4C4C59326A42B82000E175F /* Base */,
			);
			name = Main.storyboard;
			sourceTree = "<group>";
		};
		B4C4C59726A42B85000E175F /* LaunchScreen.storyboard */ = {
			isa = PBXVariantGroup;
			children = (
				B4C4C59826A42B85000E175F /* Base */,
			);
			name = LaunchScreen.storyboard;
			sourceTree = "<group>";
		};
/* End PBXVariantGroup section */

/* Begin XCBuildConfiguration section */
		B4C4C59B26A42B85000E175F /* Debug */ = {
			isa = XCBuildConfiguration;
			buildSettings = {
				ALWAYS_SEARCH_USER_PATHS = NO;
				CLANG_ANALYZER_NONNULL = YES;
				CLANG_ANALYZER_NUMBER_OBJECT_CONVERSION = YES_AGGRESSIVE;
				CLANG_CXX_LANGUAGE_STANDARD = "gnu++14";
				CLANG_CXX_LIBRARY = "libc++";
				CLANG_ENABLE_MODULES = YES;
				CLANG_ENABLE_OBJC_ARC = YES;
				CLANG_ENABLE_OBJC_WEAK = YES;
				CLANG_WARN_BLOCK_CAPTURE_AUTORELEASING = YES;
				CLANG_WARN_BOOL_CONVERSION = YES;
				CLANG_WARN_COMMA = YES;
				CLANG_WARN_CONSTANT_CONVERSION = YES;
				CLANG_WARN_DEPRECATED_OBJC_IMPLEMENTATIONS = YES;
				CLANG_WARN_DIRECT_OBJC_ISA_USAGE = YES_ERROR;
				CLANG_WARN_DOCUMENTATION_COMMENTS = YES;
				CLANG_WARN_EMPTY_BODY = YES;
				CLANG_WARN_ENUM_CONVERSION = YES;
				CLANG_WARN_INFINITE_RECURSION = YES;
				CLANG_WARN_INT_CONVERSION = YES;
				CLANG_WARN_NON_LITERAL_NULL_CONVERSION = YES;
				CLANG_WARN_OBJC_IMPLICIT_RETAIN_SELF = YES;
				CLANG_WARN_OBJC_LITERAL_CONVERSION = YES;
				CLANG_WARN_OBJC_ROOT_CLASS = YES_ERROR;
				CLANG_WARN_QUOTED_INCLUDE_IN_FRAMEWORK_HEADER = YES;
				CLANG_WARN_RANGE_LOOP_ANALYSIS = YES;
				CLANG_WARN_STRICT_PROTOTYPES = YES;
				CLANG_WARN_SUSPICIOUS_MOVE = YES;
				CLANG_WARN_UNGUARDED_AVAILABILITY = YES_AGGRESSIVE;
				CLANG_WARN_UNREACHABLE_CODE = YES;
				CLANG_WARN__DUPLICATE_METHOD_MATCH = YES;
				COPY_PHASE_STRIP = NO;
				DEBUG_INFORMATION_FORMAT = dwarf;
				ENABLE_STRICT_OBJC_MSGSEND = YES;
				ENABLE_TESTABILITY = YES;
				GCC_C_LANGUAGE_STANDARD = gnu11;
				GCC_DYNAMIC_NO_PIC = NO;
				GCC_NO_COMMON_BLOCKS = YES;
				GCC_OPTIMIZATION_LEVEL = 0;
				GCC_PREPROCESSOR_DEFINITIONS = (
					"DEBUG=1",
					"$(inherited)",
				);
				GCC_WARN_64_TO_32_BIT_CONVERSION = YES;
				GCC_WARN_ABOUT_RETURN_TYPE = YES_ERROR;
				GCC_WARN_UNDECLARED_SELECTOR = YES;
				GCC_WARN_UNINITIALIZED_AUTOS = YES_AGGRESSIVE;
				GCC_WARN_UNUSED_FUNCTION = YES;
				GCC_WARN_UNUSED_VARIABLE = YES;
				IPHONEOS_DEPLOYMENT_TARGET = 14.5;
				MTL_ENABLE_DEBUG_INFO = INCLUDE_SOURCE;
				MTL_FAST_MATH = YES;
				ONLY_ACTIVE_ARCH = YES;
				SDKROOT = iphoneos;
				SWIFT_ACTIVE_COMPILATION_CONDITIONS = DEBUG;
				SWIFT_OPTIMIZATION_LEVEL = "-Onone";
			};
			name = Debug;
		};
		B4C4C59C26A42B85000E175F /* Release */ = {
			isa = XCBuildConfiguration;
			buildSettings = {
				ALWAYS_SEARCH_USER_PATHS = NO;
				CLANG_ANALYZER_NONNULL = YES;
				CLANG_ANALYZER_NUMBER_OBJECT_CONVERSION = YES_AGGRESSIVE;
				CLANG_CXX_LANGUAGE_STANDARD = "gnu++14";
				CLANG_CXX_LIBRARY = "libc++";
				CLANG_ENABLE_MODULES = YES;
				CLANG_ENABLE_OBJC_ARC = YES;
				CLANG_ENABLE_OBJC_WEAK = YES;
				CLANG_WARN_BLOCK_CAPTURE_AUTORELEASING = YES;
				CLANG_WARN_BOOL_CONVERSION = YES;
				CLANG_WARN_COMMA = YES;
				CLANG_WARN_CONSTANT_CONVERSION = YES;
				CLANG_WARN_DEPRECATED_OBJC_IMPLEMENTATIONS = YES;
				CLANG_WARN_DIRECT_OBJC_ISA_USAGE = YES_ERROR;
				CLANG_WARN_DOCUMENTATION_COMMENTS = YES;
				CLANG_WARN_EMPTY_BODY = YES;
				CLANG_WARN_ENUM_CONVERSION = YES;
				CLANG_WARN_INFINITE_RECURSION = YES;
				CLANG_WARN_INT_CONVERSION = YES;
				CLANG_WARN_NON_LITERAL_NULL_CONVERSION = YES;
				CLANG_WARN_OBJC_IMPLICIT_RETAIN_SELF = YES;
				CLANG_WARN_OBJC_LITERAL_CONVERSION = YES;
				CLANG_WARN_OBJC_ROOT_CLASS = YES_ERROR;
				CLANG_WARN_QUOTED_INCLUDE_IN_FRAMEWORK_HEADER = YES;
				CLANG_WARN_RANGE_LOOP_ANALYSIS = YES;
				CLANG_WARN_STRICT_PROTOTYPES = YES;
				CLANG_WARN_SUSPICIOUS_MOVE = YES;
				CLANG_WARN_UNGUARDED_AVAILABILITY = YES_AGGRESSIVE;
				CLANG_WARN_UNREACHABLE_CODE = YES;
				CLANG_WARN__DUPLICATE_METHOD_MATCH = YES;
				COPY_PHASE_STRIP = NO;
				DEBUG_INFORMATION_FORMAT = "dwarf-with-dsym";
				ENABLE_NS_ASSERTIONS = NO;
				ENABLE_STRICT_OBJC_MSGSEND = YES;
				GCC_C_LANGUAGE_STANDARD = gnu11;
				GCC_NO_COMMON_BLOCKS = YES;
				GCC_WARN_64_TO_32_BIT_CONVERSION = YES;
				GCC_WARN_ABOUT_RETURN_TYPE = YES_ERROR;
				GCC_WARN_UNDECLARED_SELECTOR = YES;
				GCC_WARN_UNINITIALIZED_AUTOS = YES_AGGRESSIVE;
				GCC_WARN_UNUSED_FUNCTION = YES;
				GCC_WARN_UNUSED_VARIABLE = YES;
				IPHONEOS_DEPLOYMENT_TARGET = 14.5;
				MTL_ENABLE_DEBUG_INFO = NO;
				MTL_FAST_MATH = YES;
				SDKROOT = iphoneos;
				SWIFT_COMPILATION_MODE = wholemodule;
				SWIFT_OPTIMIZATION_LEVEL = "-O";
				VALIDATE_PRODUCT = YES;
			};
			name = Release;
		};
		B4C4C59E26A42B85000E175F /* Debug */ = {
			isa = XCBuildConfiguration;
			buildSettings = {
				ASSETCATALOG_COMPILER_APPICON_NAME = AppIcon;
				ASSETCATALOG_COMPILER_GLOBAL_ACCENT_COLOR_NAME = AccentColor;
				CODE_SIGN_STYLE = Automatic;
				DEVELOPMENT_TEAM = 6CJ98NSPAD;
				INFOPLIST_FILE = ReusablePopups/Info.plist;
				LD_RUNPATH_SEARCH_PATHS = (
					"$(inherited)",
					"@executable_path/Frameworks",
				);
				PRODUCT_BUNDLE_IDENTIFIER = com.macmartins.ReusablePopups;
				PRODUCT_NAME = "$(TARGET_NAME)";
				SWIFT_VERSION = 5.0;
				TARGETED_DEVICE_FAMILY = "1,2";
			};
			name = Debug;
		};
		B4C4C59F26A42B85000E175F /* Release */ = {
			isa = XCBuildConfiguration;
			buildSettings = {
				ASSETCATALOG_COMPILER_APPICON_NAME = AppIcon;
				ASSETCATALOG_COMPILER_GLOBAL_ACCENT_COLOR_NAME = AccentColor;
				CODE_SIGN_STYLE = Automatic;
				DEVELOPMENT_TEAM = 6CJ98NSPAD;
				INFOPLIST_FILE = ReusablePopups/Info.plist;
				LD_RUNPATH_SEARCH_PATHS = (
					"$(inherited)",
					"@executable_path/Frameworks",
				);
				PRODUCT_BUNDLE_IDENTIFIER = com.macmartins.ReusablePopups;
				PRODUCT_NAME = "$(TARGET_NAME)";
				SWIFT_VERSION = 5.0;
				TARGETED_DEVICE_FAMILY = "1,2";
			};
			name = Release;
		};
/* End XCBuildConfiguration section */

/* Begin XCConfigurationList section */
		B4C4C58426A42B81000E175F /* Build configuration list for PBXProject "ReusablePopups" */ = {
			isa = XCConfigurationList;
			buildConfigurations = (
				B4C4C59B26A42B85000E175F /* Debug */,
				B4C4C59C26A42B85000E175F /* Release */,
			);
			defaultConfigurationIsVisible = 0;
			defaultConfigurationName = Release;
		};
		B4C4C59D26A42B85000E175F /* Build configuration list for PBXNativeTarget "ReusablePopups" */ = {
			isa = XCConfigurationList;
			buildConfigurations = (
				B4C4C59E26A42B85000E175F /* Debug */,
				B4C4C59F26A42B85000E175F /* Release */,
			);
			defaultConfigurationIsVisible = 0;
			defaultConfigurationName = Release;
		};
/* End XCConfigurationList section */
	};
	rootObject = B4C4C58126A42B81000E175F /* Project object */;
}
